// !$*UTF8*$!
{
	archiveVersion = 1;
	classes = {
	};
	objectVersion = 50;
	objects = {

/* Begin PBXBuildFile section */
		26FA161A2453F5BB00034F95 /* AppDelegate.swift in Sources */ = {isa = PBXBuildFile; fileRef = 26FA16192453F5BB00034F95 /* AppDelegate.swift */; };
		26FA161C2453F5BB00034F95 /* SceneDelegate.swift in Sources */ = {isa = PBXBuildFile; fileRef = 26FA161B2453F5BB00034F95 /* SceneDelegate.swift */; };
		26FA161E2453F5BB00034F95 /* ViewController.swift in Sources */ = {isa = PBXBuildFile; fileRef = 26FA161D2453F5BB00034F95 /* ViewController.swift */; };
		26FA16212453F5BB00034F95 /* Main.storyboard in Resources */ = {isa = PBXBuildFile; fileRef = 26FA161F2453F5BB00034F95 /* Main.storyboard */; };
		26FA16232453F5BF00034F95 /* Assets.xcassets in Resources */ = {isa = PBXBuildFile; fileRef = 26FA16222453F5BF00034F95 /* Assets.xcassets */; };
		26FA16262453F5BF00034F95 /* LaunchScreen.storyboard in Resources */ = {isa = PBXBuildFile; fileRef = 26FA16242453F5BF00034F95 /* LaunchScreen.storyboard */; };
		26FA16312453F5BF00034F95 /* lab5Tests.swift in Sources */ = {isa = PBXBuildFile; fileRef = 26FA16302453F5BF00034F95 /* lab5Tests.swift */; };
		26FA163C2453F5C000034F95 /* lab5UITests.swift in Sources */ = {isa = PBXBuildFile; fileRef = 26FA163B2453F5C000034F95 /* lab5UITests.swift */; };
/* End PBXBuildFile section */

/* Begin PBXContainerItemProxy section */
		26FA162D2453F5BF00034F95 /* PBXContainerItemProxy */ = {
			isa = PBXContainerItemProxy;
			containerPortal = 26FA160E2453F5BB00034F95 /* Project object */;
			proxyType = 1;
			remoteGlobalIDString = 26FA16152453F5BB00034F95;
			remoteInfo = lab5;
		};
		26FA16382453F5C000034F95 /* PBXContainerItemProxy */ = {
			isa = PBXContainerItemProxy;
			containerPortal = 26FA160E2453F5BB00034F95 /* Project object */;
			proxyType = 1;
			remoteGlobalIDString = 26FA16152453F5BB00034F95;
			remoteInfo = lab5;
		};
/* End PBXContainerItemProxy section */

/* Begin PBXFileReference section */
		26FA16162453F5BB00034F95 /* lab5.app */ = {isa = PBXFileReference; explicitFileType = wrapper.application; includeInIndex = 0; path = lab5.app; sourceTree = BUILT_PRODUCTS_DIR; };
		26FA16192453F5BB00034F95 /* AppDelegate.swift */ = {isa = PBXFileReference; lastKnownFileType = sourcecode.swift; path = AppDelegate.swift; sourceTree = "<group>"; };
		26FA161B2453F5BB00034F95 /* SceneDelegate.swift */ = {isa = PBXFileReference; lastKnownFileType = sourcecode.swift; path = SceneDelegate.swift; sourceTree = "<group>"; };
		26FA161D2453F5BB00034F95 /* ViewController.swift */ = {isa = PBXFileReference; lastKnownFileType = sourcecode.swift; path = ViewController.swift; sourceTree = "<group>"; };
		26FA16202453F5BB00034F95 /* Base */ = {isa = PBXFileReference; lastKnownFileType = file.storyboard; name = Base; path = Base.lproj/Main.storyboard; sourceTree = "<group>"; };
		26FA16222453F5BF00034F95 /* Assets.xcassets */ = {isa = PBXFileReference; lastKnownFileType = folder.assetcatalog; path = Assets.xcassets; sourceTree = "<group>"; };
		26FA16252453F5BF00034F95 /* Base */ = {isa = PBXFileReference; lastKnownFileType = file.storyboard; name = Base; path = Base.lproj/LaunchScreen.storyboard; sourceTree = "<group>"; };
		26FA16272453F5BF00034F95 /* Info.plist */ = {isa = PBXFileReference; lastKnownFileType = text.plist.xml; path = Info.plist; sourceTree = "<group>"; };
		26FA162C2453F5BF00034F95 /* lab5Tests.xctest */ = {isa = PBXFileReference; explicitFileType = wrapper.cfbundle; includeInIndex = 0; path = lab5Tests.xctest; sourceTree = BUILT_PRODUCTS_DIR; };
		26FA16302453F5BF00034F95 /* lab5Tests.swift */ = {isa = PBXFileReference; lastKnownFileType = sourcecode.swift; path = lab5Tests.swift; sourceTree = "<group>"; };
		26FA16322453F5BF00034F95 /* Info.plist */ = {isa = PBXFileReference; lastKnownFileType = text.plist.xml; path = Info.plist; sourceTree = "<group>"; };
		26FA16372453F5C000034F95 /* lab5UITests.xctest */ = {isa = PBXFileReference; explicitFileType = wrapper.cfbundle; includeInIndex = 0; path = lab5UITests.xctest; sourceTree = BUILT_PRODUCTS_DIR; };
		26FA163B2453F5C000034F95 /* lab5UITests.swift */ = {isa = PBXFileReference; lastKnownFileType = sourcecode.swift; path = lab5UITests.swift; sourceTree = "<group>"; };
		26FA163D2453F5C000034F95 /* Info.plist */ = {isa = PBXFileReference; lastKnownFileType = text.plist.xml; path = Info.plist; sourceTree = "<group>"; };
/* End PBXFileReference section */

/* Begin PBXFrameworksBuildPhase section */
		26FA16132453F5BB00034F95 /* Frameworks */ = {
			isa = PBXFrameworksBuildPhase;
			buildActionMask = 2147483647;
			files = (
			);
			runOnlyForDeploymentPostprocessing = 0;
		};
		26FA16292453F5BF00034F95 /* Frameworks */ = {
			isa = PBXFrameworksBuildPhase;
			buildActionMask = 2147483647;
			files = (
			);
			runOnlyForDeploymentPostprocessing = 0;
		};
		26FA16342453F5C000034F95 /* Frameworks */ = {
			isa = PBXFrameworksBuildPhase;
			buildActionMask = 2147483647;
			files = (
			);
			runOnlyForDeploymentPostprocessing = 0;
		};
/* End PBXFrameworksBuildPhase section */

/* Begin PBXGroup section */
		26FA160D2453F5BA00034F95 = {
			isa = PBXGroup;
			children = (
				26FA16182453F5BB00034F95 /* lab5 */,
				26FA162F2453F5BF00034F95 /* lab5Tests */,
				26FA163A2453F5C000034F95 /* lab5UITests */,
				26FA16172453F5BB00034F95 /* Products */,
			);
			sourceTree = "<group>";
		};
		26FA16172453F5BB00034F95 /* Products */ = {
			isa = PBXGroup;
			children = (
				26FA16162453F5BB00034F95 /* lab5.app */,
				26FA162C2453F5BF00034F95 /* lab5Tests.xctest */,
				26FA16372453F5C000034F95 /* lab5UITests.xctest */,
			);
			name = Products;
			sourceTree = "<group>";
		};
		26FA16182453F5BB00034F95 /* lab5 */ = {
			isa = PBXGroup;
			children = (
				26FA16192453F5BB00034F95 /* AppDelegate.swift */,
				26FA161B2453F5BB00034F95 /* SceneDelegate.swift */,
				26FA161D2453F5BB00034F95 /* ViewController.swift */,
				26FA161F2453F5BB00034F95 /* Main.storyboard */,
				26FA16222453F5BF00034F95 /* Assets.xcassets */,
				26FA16242453F5BF00034F95 /* LaunchScreen.storyboard */,
				26FA16272453F5BF00034F95 /* Info.plist */,
			);
			path = lab5;
			sourceTree = "<group>";
		};
		26FA162F2453F5BF00034F95 /* lab5Tests */ = {
			isa = PBXGroup;
			children = (
				26FA16302453F5BF00034F95 /* lab5Tests.swift */,
				26FA16322453F5BF00034F95 /* Info.plist */,
			);
			path = lab5Tests;
			sourceTree = "<group>";
		};
		26FA163A2453F5C000034F95 /* lab5UITests */ = {
			isa = PBXGroup;
			children = (
				26FA163B2453F5C000034F95 /* lab5UITests.swift */,
				26FA163D2453F5C000034F95 /* Info.plist */,
			);
			path = lab5UITests;
			sourceTree = "<group>";
		};
/* End PBXGroup section */

/* Begin PBXNativeTarget section */
		26FA16152453F5BB00034F95 /* lab5 */ = {
			isa = PBXNativeTarget;
			buildConfigurationList = 26FA16402453F5C000034F95 /* Build configuration list for PBXNativeTarget "lab5" */;
			buildPhases = (
				26FA16122453F5BB00034F95 /* Sources */,
				26FA16132453F5BB00034F95 /* Frameworks */,
				26FA16142453F5BB00034F95 /* Resources */,
			);
			buildRules = (
			);
			dependencies = (
			);
			name = lab5;
			productName = lab5;
			productReference = 26FA16162453F5BB00034F95 /* lab5.app */;
			productType = "com.apple.product-type.application";
		};
		26FA162B2453F5BF00034F95 /* lab5Tests */ = {
			isa = PBXNativeTarget;
			buildConfigurationList = 26FA16432453F5C000034F95 /* Build configuration list for PBXNativeTarget "lab5Tests" */;
			buildPhases = (
				26FA16282453F5BF00034F95 /* Sources */,
				26FA16292453F5BF00034F95 /* Frameworks */,
				26FA162A2453F5BF00034F95 /* Resources */,
			);
			buildRules = (
			);
			dependencies = (
				26FA162E2453F5BF00034F95 /* PBXTargetDependency */,
			);
			name = lab5Tests;
			productName = lab5Tests;
			productReference = 26FA162C2453F5BF00034F95 /* lab5Tests.xctest */;
			productType = "com.apple.product-type.bundle.unit-test";
		};
		26FA16362453F5C000034F95 /* lab5UITests */ = {
			isa = PBXNativeTarget;
			buildConfigurationList = 26FA16462453F5C000034F95 /* Build configuration list for PBXNativeTarget "lab5UITests" */;
			buildPhases = (
				26FA16332453F5C000034F95 /* Sources */,
				26FA16342453F5C000034F95 /* Frameworks */,
				26FA16352453F5C000034F95 /* Resources */,
			);
			buildRules = (
			);
			dependencies = (
				26FA16392453F5C000034F95 /* PBXTargetDependency */,
			);
			name = lab5UITests;
			productName = lab5UITests;
			productReference = 26FA16372453F5C000034F95 /* lab5UITests.xctest */;
			productType = "com.apple.product-type.bundle.ui-testing";
		};
/* End PBXNativeTarget section */

/* Begin PBXProject section */
		26FA160E2453F5BB00034F95 /* Project object */ = {
			isa = PBXProject;
			attributes = {
				LastSwiftUpdateCheck = 1130;
				LastUpgradeCheck = 1130;
				ORGANIZATIONNAME = "Tina Andria";
				TargetAttributes = {
					26FA16152453F5BB00034F95 = {
						CreatedOnToolsVersion = 11.3.1;
					};
					26FA162B2453F5BF00034F95 = {
						CreatedOnToolsVersion = 11.3.1;
						TestTargetID = 26FA16152453F5BB00034F95;
					};
					26FA16362453F5C000034F95 = {
						CreatedOnToolsVersion = 11.3.1;
						TestTargetID = 26FA16152453F5BB00034F95;
					};
				};
			};
			buildConfigurationList = 26FA16112453F5BB00034F95 /* Build configuration list for PBXProject "lab5" */;
			compatibilityVersion = "Xcode 9.3";
			developmentRegion = en;
			hasScannedForEncodings = 0;
			knownRegions = (
				en,
				Base,
			);
			mainGroup = 26FA160D2453F5BA00034F95;
			productRefGroup = 26FA16172453F5BB00034F95 /* Products */;
			projectDirPath = "";
			projectRoot = "";
			targets = (
				26FA16152453F5BB00034F95 /* lab5 */,
				26FA162B2453F5BF00034F95 /* lab5Tests */,
				26FA16362453F5C000034F95 /* lab5UITests */,
			);
		};
/* End PBXProject section */

/* Begin PBXResourcesBuildPhase section */
		26FA16142453F5BB00034F95 /* Resources */ = {
			isa = PBXResourcesBuildPhase;
			buildActionMask = 2147483647;
			files = (
				26FA16262453F5BF00034F95 /* LaunchScreen.storyboard in Resources */,
				26FA16232453F5BF00034F95 /* Assets.xcassets in Resources */,
				26FA16212453F5BB00034F95 /* Main.storyboard in Resources */,
			);
			runOnlyForDeploymentPostprocessing = 0;
		};
		26FA162A2453F5BF00034F95 /* Resources */ = {
			isa = PBXResourcesBuildPhase;
			buildActionMask = 2147483647;
			files = (
			);
			runOnlyForDeploymentPostprocessing = 0;
		};
		26FA16352453F5C000034F95 /* Resources */ = {
			isa = PBXResourcesBuildPhase;
			buildActionMask = 2147483647;
			files = (
			);
			runOnlyForDeploymentPostprocessing = 0;
		};
/* End PBXResourcesBuildPhase section */

/* Begin PBXSourcesBuildPhase section */
		26FA16122453F5BB00034F95 /* Sources */ = {
			isa = PBXSourcesBuildPhase;
			buildActionMask = 2147483647;
			files = (
				26FA161E2453F5BB00034F95 /* ViewController.swift in Sources */,
				26FA161A2453F5BB00034F95 /* AppDelegate.swift in Sources */,
				26FA161C2453F5BB00034F95 /* SceneDelegate.swift in Sources */,
			);
			runOnlyForDeploymentPostprocessing = 0;
		};
		26FA16282453F5BF00034F95 /* Sources */ = {
			isa = PBXSourcesBuildPhase;
			buildActionMask = 2147483647;
			files = (
				26FA16312453F5BF00034F95 /* lab5Tests.swift in Sources */,
			);
			runOnlyForDeploymentPostprocessing = 0;
		};
		26FA16332453F5C000034F95 /* Sources */ = {
			isa = PBXSourcesBuildPhase;
			buildActionMask = 2147483647;
			files = (
				26FA163C2453F5C000034F95 /* lab5UITests.swift in Sources */,
			);
			runOnlyForDeploymentPostprocessing = 0;
		};
/* End PBXSourcesBuildPhase section */

/* Begin PBXTargetDependency section */
		26FA162E2453F5BF00034F95 /* PBXTargetDependency */ = {
			isa = PBXTargetDependency;
			target = 26FA16152453F5BB00034F95 /* lab5 */;
			targetProxy = 26FA162D2453F5BF00034F95 /* PBXContainerItemProxy */;
		};
		26FA16392453F5C000034F95 /* PBXTargetDependency */ = {
			isa = PBXTargetDependency;
			target = 26FA16152453F5BB00034F95 /* lab5 */;
			targetProxy = 26FA16382453F5C000034F95 /* PBXContainerItemProxy */;
		};
/* End PBXTargetDependency section */

/* Begin PBXVariantGroup section */
		26FA161F2453F5BB00034F95 /* Main.storyboard */ = {
			isa = PBXVariantGroup;
			children = (
				26FA16202453F5BB00034F95 /* Base */,
			);
			name = Main.storyboard;
			sourceTree = "<group>";
		};
		26FA16242453F5BF00034F95 /* LaunchScreen.storyboard */ = {
			isa = PBXVariantGroup;
			children = (
				26FA16252453F5BF00034F95 /* Base */,
			);
			name = LaunchScreen.storyboard;
			sourceTree = "<group>";
		};
/* End PBXVariantGroup section */

/* Begin XCBuildConfiguration section */
		26FA163E2453F5C000034F95 /* Debug */ = {
			isa = XCBuildConfiguration;
			buildSettings = {
				ALWAYS_SEARCH_USER_PATHS = NO;
				CLANG_ANALYZER_NONNULL = YES;
				CLANG_ANALYZER_NUMBER_OBJECT_CONVERSION = YES_AGGRESSIVE;
				CLANG_CXX_LANGUAGE_STANDARD = "gnu++14";
				CLANG_CXX_LIBRARY = "libc++";
				CLANG_ENABLE_MODULES = YES;
				CLANG_ENABLE_OBJC_ARC = YES;
				CLANG_ENABLE_OBJC_WEAK = YES;
				CLANG_WARN_BLOCK_CAPTURE_AUTORELEASING = YES;
				CLANG_WARN_BOOL_CONVERSION = YES;
				CLANG_WARN_COMMA = YES;
				CLANG_WARN_CONSTANT_CONVERSION = YES;
				CLANG_WARN_DEPRECATED_OBJC_IMPLEMENTATIONS = YES;
				CLANG_WARN_DIRECT_OBJC_ISA_USAGE = YES_ERROR;
				CLANG_WARN_DOCUMENTATION_COMMENTS = YES;
				CLANG_WARN_EMPTY_BODY = YES;
				CLANG_WARN_ENUM_CONVERSION = YES;
				CLANG_WARN_INFINITE_RECURSION = YES;
				CLANG_WARN_INT_CONVERSION = YES;
				CLANG_WARN_NON_LITERAL_NULL_CONVERSION = YES;
				CLANG_WARN_OBJC_IMPLICIT_RETAIN_SELF = YES;
				CLANG_WARN_OBJC_LITERAL_CONVERSION = YES;
				CLANG_WARN_OBJC_ROOT_CLASS = YES_ERROR;
				CLANG_WARN_RANGE_LOOP_ANALYSIS = YES;
				CLANG_WARN_STRICT_PROTOTYPES = YES;
				CLANG_WARN_SUSPICIOUS_MOVE = YES;
				CLANG_WARN_UNGUARDED_AVAILABILITY = YES_AGGRESSIVE;
				CLANG_WARN_UNREACHABLE_CODE = YES;
				CLANG_WARN__DUPLICATE_METHOD_MATCH = YES;
				COPY_PHASE_STRIP = NO;
				DEBUG_INFORMATION_FORMAT = dwarf;
				ENABLE_STRICT_OBJC_MSGSEND = YES;
				ENABLE_TESTABILITY = YES;
				GCC_C_LANGUAGE_STANDARD = gnu11;
				GCC_DYNAMIC_NO_PIC = NO;
				GCC_NO_COMMON_BLOCKS = YES;
				GCC_OPTIMIZATION_LEVEL = 0;
				GCC_PREPROCESSOR_DEFINITIONS = (
					"DEBUG=1",
					"$(inherited)",
				);
				GCC_WARN_64_TO_32_BIT_CONVERSION = YES;
				GCC_WARN_ABOUT_RETURN_TYPE = YES_ERROR;
				GCC_WARN_UNDECLARED_SELECTOR = YES;
				GCC_WARN_UNINITIALIZED_AUTOS = YES_AGGRESSIVE;
				GCC_WARN_UNUSED_FUNCTION = YES;
				GCC_WARN_UNUSED_VARIABLE = YES;
				IPHONEOS_DEPLOYMENT_TARGET = 13.2;
				MTL_ENABLE_DEBUG_INFO = INCLUDE_SOURCE;
				MTL_FAST_MATH = YES;
				ONLY_ACTIVE_ARCH = YES;
				SDKROOT = iphoneos;
				SWIFT_ACTIVE_COMPILATION_CONDITIONS = DEBUG;
				SWIFT_OPTIMIZATION_LEVEL = "-Onone";
			};
			name = Debug;
		};
		26FA163F2453F5C000034F95 /* Release */ = {
			isa = XCBuildConfiguration;
			buildSettings = {
				ALWAYS_SEARCH_USER_PATHS = NO;
				CLANG_ANALYZER_NONNULL = YES;
				CLANG_ANALYZER_NUMBER_OBJECT_CONVERSION = YES_AGGRESSIVE;
				CLANG_CXX_LANGUAGE_STANDARD = "gnu++14";
				CLANG_CXX_LIBRARY = "libc++";
				CLANG_ENABLE_MODULES = YES;
				CLANG_ENABLE_OBJC_ARC = YES;
				CLANG_ENABLE_OBJC_WEAK = YES;
				CLANG_WARN_BLOCK_CAPTURE_AUTORELEASING = YES;
				CLANG_WARN_BOOL_CONVERSION = YES;
				CLANG_WARN_COMMA = YES;
				CLANG_WARN_CONSTANT_CONVERSION = YES;
				CLANG_WARN_DEPRECATED_OBJC_IMPLEMENTATIONS = YES;
				CLANG_WARN_DIRECT_OBJC_ISA_USAGE = YES_ERROR;
				CLANG_WARN_DOCUMENTATION_COMMENTS = YES;
				CLANG_WARN_EMPTY_BODY = YES;
				CLANG_WARN_ENUM_CONVERSION = YES;
				CLANG_WARN_INFINITE_RECURSION = YES;
				CLANG_WARN_INT_CONVERSION = YES;
				CLANG_WARN_NON_LITERAL_NULL_CONVERSION = YES;
				CLANG_WARN_OBJC_IMPLICIT_RETAIN_SELF = YES;
				CLANG_WARN_OBJC_LITERAL_CONVERSION = YES;
				CLANG_WARN_OBJC_ROOT_CLASS = YES_ERROR;
				CLANG_WARN_RANGE_LOOP_ANALYSIS = YES;
				CLANG_WARN_STRICT_PROTOTYPES = YES;
				CLANG_WARN_SUSPICIOUS_MOVE = YES;
				CLANG_WARN_UNGUARDED_AVAILABILITY = YES_AGGRESSIVE;
				CLANG_WARN_UNREACHABLE_CODE = YES;
				CLANG_WARN__DUPLICATE_METHOD_MATCH = YES;
				COPY_PHASE_STRIP = NO;
				DEBUG_INFORMATION_FORMAT = "dwarf-with-dsym";
				ENABLE_NS_ASSERTIONS = NO;
				ENABLE_STRICT_OBJC_MSGSEND = YES;
				GCC_C_LANGUAGE_STANDARD = gnu11;
				GCC_NO_COMMON_BLOCKS = YES;
				GCC_WARN_64_TO_32_BIT_CONVERSION = YES;
				GCC_WARN_ABOUT_RETURN_TYPE = YES_ERROR;
				GCC_WARN_UNDECLARED_SELECTOR = YES;
				GCC_WARN_UNINITIALIZED_AUTOS = YES_AGGRESSIVE;
				GCC_WARN_UNUSED_FUNCTION = YES;
				GCC_WARN_UNUSED_VARIABLE = YES;
				IPHONEOS_DEPLOYMENT_TARGET = 13.2;
				MTL_ENABLE_DEBUG_INFO = NO;
				MTL_FAST_MATH = YES;
				SDKROOT = iphoneos;
				SWIFT_COMPILATION_MODE = wholemodule;
				SWIFT_OPTIMIZATION_LEVEL = "-O";
				VALIDATE_PRODUCT = YES;
			};
			name = Release;
		};
		26FA16412453F5C000034F95 /* Debug */ = {
			isa = XCBuildConfiguration;
			buildSettings = {
				ASSETCATALOG_COMPILER_APPICON_NAME = AppIcon;
				CODE_SIGN_STYLE = Automatic;
				DEVELOPMENT_TEAM = DZ26BWL3K3;
				INFOPLIST_FILE = lab5/Info.plist;
				LD_RUNPATH_SEARCH_PATHS = (
					"$(inherited)",
					"@executable_path/Frameworks",
				);
				PRODUCT_BUNDLE_IDENTIFIER = com.tina.lab5;
				PRODUCT_NAME = "$(TARGET_NAME)";
				SWIFT_VERSION = 5.0;
				TARGETED_DEVICE_FAMILY = "1,2";
			};
			name = Debug;
		};
		26FA16422453F5C000034F95 /* Release */ = {
			isa = XCBuildConfiguration;
			buildSettings = {
				ASSETCATALOG_COMPILER_APPICON_NAME = AppIcon;
				CODE_SIGN_STYLE = Automatic;
				DEVELOPMENT_TEAM = DZ26BWL3K3;
				INFOPLIST_FILE = lab5/Info.plist;
				LD_RUNPATH_SEARCH_PATHS = (
					"$(inherited)",
					"@executable_path/Frameworks",
				);
				PRODUCT_BUNDLE_IDENTIFIER = com.tina.lab5;
				PRODUCT_NAME = "$(TARGET_NAME)";
				SWIFT_VERSION = 5.0;
				TARGETED_DEVICE_FAMILY = "1,2";
			};
			name = Release;
		};
		26FA16442453F5C000034F95 /* Debug */ = {
			isa = XCBuildConfiguration;
			buildSettings = {
				ALWAYS_EMBED_SWIFT_STANDARD_LIBRARIES = YES;
				BUNDLE_LOADER = "$(TEST_HOST)";
				CODE_SIGN_STYLE = Automatic;
				DEVELOPMENT_TEAM = DZ26BWL3K3;
				INFOPLIST_FILE = lab5Tests/Info.plist;
				IPHONEOS_DEPLOYMENT_TARGET = 13.2;
				LD_RUNPATH_SEARCH_PATHS = (
					"$(inherited)",
					"@executable_path/Frameworks",
					"@loader_path/Frameworks",
				);
				PRODUCT_BUNDLE_IDENTIFIER = com.tina.lab5Tests;
				PRODUCT_NAME = "$(TARGET_NAME)";
				SWIFT_VERSION = 5.0;
				TARGETED_DEVICE_FAMILY = "1,2";
				TEST_HOST = "$(BUILT_PRODUCTS_DIR)/lab5.app/lab5";
			};
			name = Debug;
		};
		26FA16452453F5C000034F95 /* Release */ = {
			isa = XCBuildConfiguration;
			buildSettings = {
				ALWAYS_EMBED_SWIFT_STANDARD_LIBRARIES = YES;
				BUNDLE_LOADER = "$(TEST_HOST)";
				CODE_SIGN_STYLE = Automatic;
				DEVELOPMENT_TEAM = DZ26BWL3K3;
				INFOPLIST_FILE = lab5Tests/Info.plist;
				IPHONEOS_DEPLOYMENT_TARGET = 13.2;
				LD_RUNPATH_SEARCH_PATHS = (
					"$(inherited)",
					"@executable_path/Frameworks",
					"@loader_path/Frameworks",
				);
				PRODUCT_BUNDLE_IDENTIFIER = com.tina.lab5Tests;
				PRODUCT_NAME = "$(TARGET_NAME)";
				SWIFT_VERSION = 5.0;
				TARGETED_DEVICE_FAMILY = "1,2";
				TEST_HOST = "$(BUILT_PRODUCTS_DIR)/lab5.app/lab5";
			};
			name = Release;
		};
		26FA16472453F5C000034F95 /* Debug */ = {
			isa = XCBuildConfiguration;
			buildSettings = {
				ALWAYS_EMBED_SWIFT_STANDARD_LIBRARIES = YES;
				CODE_SIGN_STYLE = Automatic;
				DEVELOPMENT_TEAM = DZ26BWL3K3;
				INFOPLIST_FILE = lab5UITests/Info.plist;
				LD_RUNPATH_SEARCH_PATHS = (
					"$(inherited)",
					"@executable_path/Frameworks",
					"@loader_path/Frameworks",
				);
				PRODUCT_BUNDLE_IDENTIFIER = com.tina.lab5UITests;
				PRODUCT_NAME = "$(TARGET_NAME)";
				SWIFT_VERSION = 5.0;
				TARGETED_DEVICE_FAMILY = "1,2";
				TEST_TARGET_NAME = lab5;
			};
			name = Debug;
		};
		26FA16482453F5C000034F95 /* Release */ = {
			isa = XCBuildConfiguration;
			buildSettings = {
				ALWAYS_EMBED_SWIFT_STANDARD_LIBRARIES = YES;
				CODE_SIGN_STYLE = Automatic;
				DEVELOPMENT_TEAM = DZ26BWL3K3;
				INFOPLIST_FILE = lab5UITests/Info.plist;
				LD_RUNPATH_SEARCH_PATHS = (
					"$(inherited)",
					"@executable_path/Frameworks",
					"@loader_path/Frameworks",
				);
				PRODUCT_BUNDLE_IDENTIFIER = com.tina.lab5UITests;
				PRODUCT_NAME = "$(TARGET_NAME)";
				SWIFT_VERSION = 5.0;
				TARGETED_DEVICE_FAMILY = "1,2";
				TEST_TARGET_NAME = lab5;
			};
			name = Release;
		};
/* End XCBuildConfiguration section */

/* Begin XCConfigurationList section */
		26FA16112453F5BB00034F95 /* Build configuration list for PBXProject "lab5" */ = {
			isa = XCConfigurationList;
			buildConfigurations = (
				26FA163E2453F5C000034F95 /* Debug */,
				26FA163F2453F5C000034F95 /* Release */,
			);
			defaultConfigurationIsVisible = 0;
			defaultConfigurationName = Release;
		};
		26FA16402453F5C000034F95 /* Build configuration list for PBXNativeTarget "lab5" */ = {
			isa = XCConfigurationList;
			buildConfigurations = (
				26FA16412453F5C000034F95 /* Debug */,
				26FA16422453F5C000034F95 /* Release */,
			);
			defaultConfigurationIsVisible = 0;
			defaultConfigurationName = Release;
		};
		26FA16432453F5C000034F95 /* Build configuration list for PBXNativeTarget "lab5Tests" */ = {
			isa = XCConfigurationList;
			buildConfigurations = (
				26FA16442453F5C000034F95 /* Debug */,
				26FA16452453F5C000034F95 /* Release */,
			);
			defaultConfigurationIsVisible = 0;
			defaultConfigurationName = Release;
		};
		26FA16462453F5C000034F95 /* Build configuration list for PBXNativeTarget "lab5UITests" */ = {
			isa = XCConfigurationList;
			buildConfigurations = (
				26FA16472453F5C000034F95 /* Debug */,
				26FA16482453F5C000034F95 /* Release */,
			);
			defaultConfigurationIsVisible = 0;
			defaultConfigurationName = Release;
		};
/* End XCConfigurationList section */
	};
	rootObject = 26FA160E2453F5BB00034F95 /* Project object */;
}
